
Microsoft Visual Studio Solution File, Format Version 12.00
# Visual Studio Version 16
VisualStudioVersion = 16.0.29709.97
MinimumVisualStudioVersion = 10.0.40219.1
Project("{FAE04EC0-301F-11D3-BF4B-00C04F79EFBC}") = "UserInputTaylorRamsamy", "UserInputTaylorRamsamy\UserInputTaylorRamsamy.csproj", "{B8994B4B-6E96-4FA6-8976-3196EE7332EB}"
EndProject
Global
	GlobalSection(SolutionConfigurationPlatforms) = preSolution
		Debug|Any CPU = Debug|Any CPU
		Release|Any CPU = Release|Any CPU
	EndGlobalSection
	GlobalSection(ProjectConfigurationPlatforms) = postSolution
		{B8994B4B-6E96-4FA6-8976-3196EE7332EB}.Debug|Any CPU.ActiveCfg = Debug|Any CPU
		{B8994B4B-6E96-4FA6-8976-3196EE7332EB}.Debug|Any CPU.Build.0 = Debug|Any CPU
		{B8994B4B-6E96-4FA6-8976-3196EE7332EB}.Release|Any CPU.ActiveCfg = Release|Any CPU
		{B8994B4B-6E96-4FA6-8976-3196EE7332EB}.Release|Any CPU.Build.0 = Release|Any CPU
	EndGlobalSection
	GlobalSection(SolutionProperties) = preSolution
		HideSolutionNode = FALSE
	EndGlobalSection
	GlobalSection(ExtensibilityGlobals) = postSolution
		SolutionGuid = {63B6CC30-EEAE-4679-AB0A-90279C3202D9}
	EndGlobalSection
EndGlobal
